
Microsoft Visual Studio Solution File, Format Version 12.00
# Visual Studio Version 17
VisualStudioVersion = 17.5.002.0
MinimumVisualStudioVersion = 10.0.40219.1
Project("{9A19103F-16F7-4668-BE54-9A1E7A4F7556}") = "ApplicationsCenter", "ApplicationsCenter.csproj", "{5982C68F-09C3-4895-BC8A-6A320D60E270}"
EndProject
Global
	GlobalSection(SolutionConfigurationPlatforms) = preSolution
		Debug|Any CPU = Debug|Any CPU
		Release|Any CPU = Release|Any CPU
	EndGlobalSection
	GlobalSection(ProjectConfigurationPlatforms) = postSolution
		{5982C68F-09C3-4895-BC8A-6A320D60E270}.Debug|Any CPU.ActiveCfg = Debug|Any CPU
		{5982C68F-09C3-4895-BC8A-6A320D60E270}.Debug|Any CPU.Build.0 = Debug|Any CPU
		{5982C68F-09C3-4895-BC8A-6A320D60E270}.Release|Any CPU.ActiveCfg = Release|Any CPU
		{5982C68F-09C3-4895-BC8A-6A320D60E270}.Release|Any CPU.Build.0 = Release|Any CPU
	EndGlobalSection
	GlobalSection(SolutionProperties) = preSolution
		HideSolutionNode = FALSE
	EndGlobalSection
	GlobalSection(ExtensibilityGlobals) = postSolution
		SolutionGuid = {D046A3EA-6CEE-42DB-A244-4A77EF3CEF98}
	EndGlobalSection
EndGlobal
